// !$*UTF8*$!
{
	archiveVersion = 1;
	classes = {
	};
	objectVersion = 77;
	objects = {

/* Begin PBXBuildFile section */
		DC52F7312D6E509600DCF9A7 /* RealityKitContent in Frameworks */ = {isa = PBXBuildFile; productRef = DC52F7302D6E509600DCF9A7 /* RealityKitContent */; };
/* End PBXBuildFile section */

/* Begin PBXContainerItemProxy section */
		DC52F7472D6E509700DCF9A7 /* PBXContainerItemProxy */ = {
			isa = PBXContainerItemProxy;
			containerPortal = DC52F7232D6E509600DCF9A7 /* Project object */;
			proxyType = 1;
			remoteGlobalIDString = DC52F72A2D6E509600DCF9A7;
			remoteInfo = Mezzanine;
		};
/* End PBXContainerItemProxy section */

/* Begin PBXFileReference section */
		DC52F72B2D6E509600DCF9A7 /* Mezzanine.app */ = {isa = PBXFileReference; explicitFileType = wrapper.application; includeInIndex = 0; path = Mezzanine.app; sourceTree = BUILT_PRODUCTS_DIR; };
		DC52F72F2D6E509600DCF9A7 /* RealityKitContent */ = {isa = PBXFileReference; lastKnownFileType = wrapper; path = RealityKitContent; sourceTree = "<group>"; };
		DC52F7462D6E509700DCF9A7 /* MezzanineTests.xctest */ = {isa = PBXFileReference; explicitFileType = wrapper.cfbundle; includeInIndex = 0; path = MezzanineTests.xctest; sourceTree = BUILT_PRODUCTS_DIR; };
/* End PBXFileReference section */

/* Begin PBXFileSystemSynchronizedBuildFileExceptionSet section */
		DC0A79FB2D6F0E2E003BA499 /* Exceptions for "Mezzanine" folder in "MezzanineTests" target */ = {
			isa = PBXFileSystemSynchronizedBuildFileExceptionSet;
			membershipExceptions = (
				dice_blue.usdz,
				venus.usdz,
			);
			target = DC52F7452D6E509700DCF9A7 /* MezzanineTests */;
		};
		DC52F74C2D6E509700DCF9A7 /* Exceptions for "Mezzanine" folder in "Mezzanine" target */ = {
			isa = PBXFileSystemSynchronizedBuildFileExceptionSet;
			membershipExceptions = (
				Info.plist,
			);
			target = DC52F72A2D6E509600DCF9A7 /* Mezzanine */;
		};
/* End PBXFileSystemSynchronizedBuildFileExceptionSet section */

/* Begin PBXFileSystemSynchronizedRootGroup section */
		DC52F72D2D6E509600DCF9A7 /* Mezzanine */ = {
			isa = PBXFileSystemSynchronizedRootGroup;
			exceptions = (
				DC52F74C2D6E509700DCF9A7 /* Exceptions for "Mezzanine" folder in "Mezzanine" target */,
				DC0A79FB2D6F0E2E003BA499 /* Exceptions for "Mezzanine" folder in "MezzanineTests" target */,
			);
			path = Mezzanine;
			sourceTree = "<group>";
		};
		DC52F7492D6E509700DCF9A7 /* MezzanineTests */ = {
			isa = PBXFileSystemSynchronizedRootGroup;
			path = MezzanineTests;
			sourceTree = "<group>";
		};
/* End PBXFileSystemSynchronizedRootGroup section */

/* Begin PBXFrameworksBuildPhase section */
		DC52F7282D6E509600DCF9A7 /* Frameworks */ = {
			isa = PBXFrameworksBuildPhase;
			buildActionMask = 2147483647;
			files = (
				DC52F7312D6E509600DCF9A7 /* RealityKitContent in Frameworks */,
			);
			runOnlyForDeploymentPostprocessing = 0;
		};
		DC52F7432D6E509700DCF9A7 /* Frameworks */ = {
			isa = PBXFrameworksBuildPhase;
			buildActionMask = 2147483647;
			files = (
			);
			runOnlyForDeploymentPostprocessing = 0;
		};
/* End PBXFrameworksBuildPhase section */

/* Begin PBXGroup section */
		DC52F7222D6E509600DCF9A7 = {
			isa = PBXGroup;
			children = (
				DC52F72D2D6E509600DCF9A7 /* Mezzanine */,
				DC52F72E2D6E509600DCF9A7 /* Packages */,
				DC52F7492D6E509700DCF9A7 /* MezzanineTests */,
				DC52F72C2D6E509600DCF9A7 /* Products */,
			);
			sourceTree = "<group>";
		};
		DC52F72C2D6E509600DCF9A7 /* Products */ = {
			isa = PBXGroup;
			children = (
				DC52F72B2D6E509600DCF9A7 /* Mezzanine.app */,
				DC52F7462D6E509700DCF9A7 /* MezzanineTests.xctest */,
			);
			name = Products;
			sourceTree = "<group>";
		};
		DC52F72E2D6E509600DCF9A7 /* Packages */ = {
			isa = PBXGroup;
			children = (
				DC52F72F2D6E509600DCF9A7 /* RealityKitContent */,
			);
			path = Packages;
			sourceTree = "<group>";
		};
/* End PBXGroup section */

/* Begin PBXNativeTarget section */
		DC52F72A2D6E509600DCF9A7 /* Mezzanine */ = {
			isa = PBXNativeTarget;
			buildConfigurationList = DC52F74D2D6E509700DCF9A7 /* Build configuration list for PBXNativeTarget "Mezzanine" */;
			buildPhases = (
				DC52F7272D6E509600DCF9A7 /* Sources */,
				DC52F7282D6E509600DCF9A7 /* Frameworks */,
				DC52F7292D6E509600DCF9A7 /* Resources */,
			);
			buildRules = (
			);
			dependencies = (
			);
			fileSystemSynchronizedGroups = (
				DC52F72D2D6E509600DCF9A7 /* Mezzanine */,
			);
			name = Mezzanine;
			packageProductDependencies = (
				DC52F7302D6E509600DCF9A7 /* RealityKitContent */,
			);
			productName = Mezzanine;
			productReference = DC52F72B2D6E509600DCF9A7 /* Mezzanine.app */;
			productType = "com.apple.product-type.application";
		};
		DC52F7452D6E509700DCF9A7 /* MezzanineTests */ = {
			isa = PBXNativeTarget;
			buildConfigurationList = DC52F7522D6E509700DCF9A7 /* Build configuration list for PBXNativeTarget "MezzanineTests" */;
			buildPhases = (
				DC52F7422D6E509700DCF9A7 /* Sources */,
				DC52F7432D6E509700DCF9A7 /* Frameworks */,
				DC52F7442D6E509700DCF9A7 /* Resources */,
			);
			buildRules = (
			);
			dependencies = (
				DC52F7482D6E509700DCF9A7 /* PBXTargetDependency */,
			);
			fileSystemSynchronizedGroups = (
				DC52F7492D6E509700DCF9A7 /* MezzanineTests */,
			);
			name = MezzanineTests;
			packageProductDependencies = (
			);
			productName = MezzanineTests;
			productReference = DC52F7462D6E509700DCF9A7 /* MezzanineTests.xctest */;
			productType = "com.apple.product-type.bundle.unit-test";
		};
/* End PBXNativeTarget section */

/* Begin PBXProject section */
		DC52F7232D6E509600DCF9A7 /* Project object */ = {
			isa = PBXProject;
			attributes = {
				BuildIndependentTargetsInParallel = 1;
				LastSwiftUpdateCheck = 1620;
				LastUpgradeCheck = 1620;
				TargetAttributes = {
					DC52F72A2D6E509600DCF9A7 = {
						CreatedOnToolsVersion = 16.2;
					};
					DC52F7452D6E509700DCF9A7 = {
						CreatedOnToolsVersion = 16.2;
						TestTargetID = DC52F72A2D6E509600DCF9A7;
					};
				};
			};
			buildConfigurationList = DC52F7262D6E509600DCF9A7 /* Build configuration list for PBXProject "Mezzanine" */;
			developmentRegion = en;
			hasScannedForEncodings = 0;
			knownRegions = (
				en,
				Base,
			);
			mainGroup = DC52F7222D6E509600DCF9A7;
			minimizedProjectReferenceProxies = 1;
			preferredProjectObjectVersion = 77;
			productRefGroup = DC52F72C2D6E509600DCF9A7 /* Products */;
			projectDirPath = "";
			projectRoot = "";
			targets = (
				DC52F72A2D6E509600DCF9A7 /* Mezzanine */,
				DC52F7452D6E509700DCF9A7 /* MezzanineTests */,
			);
		};
/* End PBXProject section */

/* Begin PBXResourcesBuildPhase section */
		DC52F7292D6E509600DCF9A7 /* Resources */ = {
			isa = PBXResourcesBuildPhase;
			buildActionMask = 2147483647;
			files = (
			);
			runOnlyForDeploymentPostprocessing = 0;
		};
		DC52F7442D6E509700DCF9A7 /* Resources */ = {
			isa = PBXResourcesBuildPhase;
			buildActionMask = 2147483647;
			files = (
			);
			runOnlyForDeploymentPostprocessing = 0;
		};
/* End PBXResourcesBuildPhase section */

/* Begin PBXSourcesBuildPhase section */
		DC52F7272D6E509600DCF9A7 /* Sources */ = {
			isa = PBXSourcesBuildPhase;
			buildActionMask = 2147483647;
			files = (
			);
			runOnlyForDeploymentPostprocessing = 0;
		};
		DC52F7422D6E509700DCF9A7 /* Sources */ = {
			isa = PBXSourcesBuildPhase;
			buildActionMask = 2147483647;
			files = (
			);
			runOnlyForDeploymentPostprocessing = 0;
		};
/* End PBXSourcesBuildPhase section */

/* Begin PBXTargetDependency section */
		DC52F7482D6E509700DCF9A7 /* PBXTargetDependency */ = {
			isa = PBXTargetDependency;
			target = DC52F72A2D6E509600DCF9A7 /* Mezzanine */;
			targetProxy = DC52F7472D6E509700DCF9A7 /* PBXContainerItemProxy */;
		};
/* End PBXTargetDependency section */

/* Begin XCBuildConfiguration section */
		DC52F74E2D6E509700DCF9A7 /* Debug */ = {
			isa = XCBuildConfiguration;
			buildSettings = {
				ASSETCATALOG_COMPILER_APPICON_NAME = AppIcon;
				ASSETCATALOG_COMPILER_GLOBAL_ACCENT_COLOR_NAME = AccentColor;
				CODE_SIGN_STYLE = Automatic;
				CURRENT_PROJECT_VERSION = 1;
				DEVELOPMENT_ASSET_PATHS = "\"Mezzanine/Preview Content\"";
				DEVELOPMENT_TEAM = Q73A225H22;
				ENABLE_PREVIEWS = YES;
				GENERATE_INFOPLIST_FILE = YES;
				INFOPLIST_FILE = "$(TARGET_NAME)/Info.plist";
				INFOPLIST_KEY_CFBundleDisplayName = Mezzanine;
				LD_RUNPATH_SEARCH_PATHS = (
					"$(inherited)",
					"@executable_path/Frameworks",
				);
				MARKETING_VERSION = 1.0;
				PRODUCT_BUNDLE_IDENTIFIER = ai.arunabhdas.Mezzanine.Mezzanine;
				PRODUCT_NAME = "$(TARGET_NAME)";
				SUPPORTED_PLATFORMS = "xros xrsimulator";
				SWIFT_EMIT_LOC_STRINGS = YES;
				SWIFT_VERSION = 5.0;
				TARGETED_DEVICE_FAMILY = 7;
			};
			name = Debug;
		};
		DC52F74F2D6E509700DCF9A7 /* Release */ = {
			isa = XCBuildConfiguration;
			buildSettings = {
				ASSETCATALOG_COMPILER_APPICON_NAME = AppIcon;
				ASSETCATALOG_COMPILER_GLOBAL_ACCENT_COLOR_NAME = AccentColor;
				CODE_SIGN_STYLE = Automatic;
				CURRENT_PROJECT_VERSION = 1;
				DEVELOPMENT_ASSET_PATHS = "\"Mezzanine/Preview Content\"";
				DEVELOPMENT_TEAM = Q73A225H22;
				ENABLE_PREVIEWS = YES;
				GENERATE_INFOPLIST_FILE = YES;
				INFOPLIST_FILE = "$(TARGET_NAME)/Info.plist";
				INFOPLIST_KEY_CFBundleDisplayName = Mezzanine;
				LD_RUNPATH_SEARCH_PATHS = (
					"$(inherited)",
					"@executable_path/Frameworks",
				);
				MARKETING_VERSION = 1.0;
				PRODUCT_BUNDLE_IDENTIFIER = ai.arunabhdas.Mezzanine.Mezzanine;
				PRODUCT_NAME = "$(TARGET_NAME)";
				SUPPORTED_PLATFORMS = "xros xrsimulator";
				SWIFT_EMIT_LOC_STRINGS = YES;
				SWIFT_VERSION = 5.0;
				TARGETED_DEVICE_FAMILY = 7;
			};
			name = Release;
		};
		DC52F7502D6E509700DCF9A7 /* Debug */ = {
			isa = XCBuildConfiguration;
			buildSettings = {
				ALWAYS_SEARCH_USER_PATHS = NO;
				ASSETCATALOG_COMPILER_GENERATE_SWIFT_ASSET_SYMBOL_EXTENSIONS = YES;
				CLANG_ANALYZER_NONNULL = YES;
				CLANG_ANALYZER_NUMBER_OBJECT_CONVERSION = YES_AGGRESSIVE;
				CLANG_CXX_LANGUAGE_STANDARD = "gnu++20";
				CLANG_ENABLE_MODULES = YES;
				CLANG_ENABLE_OBJC_ARC = YES;
				CLANG_ENABLE_OBJC_WEAK = YES;
				CLANG_WARN_BLOCK_CAPTURE_AUTORELEASING = YES;
				CLANG_WARN_BOOL_CONVERSION = YES;
				CLANG_WARN_COMMA = YES;
				CLANG_WARN_CONSTANT_CONVERSION = YES;
				CLANG_WARN_DEPRECATED_OBJC_IMPLEMENTATIONS = YES;
				CLANG_WARN_DIRECT_OBJC_ISA_USAGE = YES_ERROR;
				CLANG_WARN_DOCUMENTATION_COMMENTS = YES;
				CLANG_WARN_EMPTY_BODY = YES;
				CLANG_WARN_ENUM_CONVERSION = YES;
				CLANG_WARN_INFINITE_RECURSION = YES;
				CLANG_WARN_INT_CONVERSION = YES;
				CLANG_WARN_NON_LITERAL_NULL_CONVERSION = YES;
				CLANG_WARN_OBJC_IMPLICIT_RETAIN_SELF = YES;
				CLANG_WARN_OBJC_LITERAL_CONVERSION = YES;
				CLANG_WARN_OBJC_ROOT_CLASS = YES_ERROR;
				CLANG_WARN_QUOTED_INCLUDE_IN_FRAMEWORK_HEADER = YES;
				CLANG_WARN_RANGE_LOOP_ANALYSIS = YES;
				CLANG_WARN_STRICT_PROTOTYPES = YES;
				CLANG_WARN_SUSPICIOUS_MOVE = YES;
				CLANG_WARN_UNGUARDED_AVAILABILITY = YES_AGGRESSIVE;
				CLANG_WARN_UNREACHABLE_CODE = YES;
				CLANG_WARN__DUPLICATE_METHOD_MATCH = YES;
				COPY_PHASE_STRIP = NO;
				DEBUG_INFORMATION_FORMAT = dwarf;
				ENABLE_STRICT_OBJC_MSGSEND = YES;
				ENABLE_TESTABILITY = YES;
				ENABLE_USER_SCRIPT_SANDBOXING = YES;
				GCC_C_LANGUAGE_STANDARD = gnu17;
				GCC_DYNAMIC_NO_PIC = NO;
				GCC_NO_COMMON_BLOCKS = YES;
				GCC_OPTIMIZATION_LEVEL = 0;
				GCC_PREPROCESSOR_DEFINITIONS = (
					"DEBUG=1",
					"$(inherited)",
				);
				GCC_WARN_64_TO_32_BIT_CONVERSION = YES;
				GCC_WARN_ABOUT_RETURN_TYPE = YES_ERROR;
				GCC_WARN_UNDECLARED_SELECTOR = YES;
				GCC_WARN_UNINITIALIZED_AUTOS = YES_AGGRESSIVE;
				GCC_WARN_UNUSED_FUNCTION = YES;
				GCC_WARN_UNUSED_VARIABLE = YES;
				LOCALIZATION_PREFERS_STRING_CATALOGS = YES;
				MTL_ENABLE_DEBUG_INFO = INCLUDE_SOURCE;
				MTL_FAST_MATH = YES;
				ONLY_ACTIVE_ARCH = YES;
				SDKROOT = xros;
				SWIFT_ACTIVE_COMPILATION_CONDITIONS = "DEBUG $(inherited)";
				SWIFT_OPTIMIZATION_LEVEL = "-Onone";
				XROS_DEPLOYMENT_TARGET = 2.2;
			};
			name = Debug;
		};
		DC52F7512D6E509700DCF9A7 /* Release */ = {
			isa = XCBuildConfiguration;
			buildSettings = {
				ALWAYS_SEARCH_USER_PATHS = NO;
				ASSETCATALOG_COMPILER_GENERATE_SWIFT_ASSET_SYMBOL_EXTENSIONS = YES;
				CLANG_ANALYZER_NONNULL = YES;
				CLANG_ANALYZER_NUMBER_OBJECT_CONVERSION = YES_AGGRESSIVE;
				CLANG_CXX_LANGUAGE_STANDARD = "gnu++20";
				CLANG_ENABLE_MODULES = YES;
				CLANG_ENABLE_OBJC_ARC = YES;
				CLANG_ENABLE_OBJC_WEAK = YES;
				CLANG_WARN_BLOCK_CAPTURE_AUTORELEASING = YES;
				CLANG_WARN_BOOL_CONVERSION = YES;
				CLANG_WARN_COMMA = YES;
				CLANG_WARN_CONSTANT_CONVERSION = YES;
				CLANG_WARN_DEPRECATED_OBJC_IMPLEMENTATIONS = YES;
				CLANG_WARN_DIRECT_OBJC_ISA_USAGE = YES_ERROR;
				CLANG_WARN_DOCUMENTATION_COMMENTS = YES;
				CLANG_WARN_EMPTY_BODY = YES;
				CLANG_WARN_ENUM_CONVERSION = YES;
				CLANG_WARN_INFINITE_RECURSION = YES;
				CLANG_WARN_INT_CONVERSION = YES;
				CLANG_WARN_NON_LITERAL_NULL_CONVERSION = YES;
				CLANG_WARN_OBJC_IMPLICIT_RETAIN_SELF = YES;
				CLANG_WARN_OBJC_LITERAL_CONVERSION = YES;
				CLANG_WARN_OBJC_ROOT_CLASS = YES_ERROR;
				CLANG_WARN_QUOTED_INCLUDE_IN_FRAMEWORK_HEADER = YES;
				CLANG_WARN_RANGE_LOOP_ANALYSIS = YES;
				CLANG_WARN_STRICT_PROTOTYPES = YES;
				CLANG_WARN_SUSPICIOUS_MOVE = YES;
				CLANG_WARN_UNGUARDED_AVAILABILITY = YES_AGGRESSIVE;
				CLANG_WARN_UNREACHABLE_CODE = YES;
				CLANG_WARN__DUPLICATE_METHOD_MATCH = YES;
				COPY_PHASE_STRIP = NO;
				DEBUG_INFORMATION_FORMAT = "dwarf-with-dsym";
				ENABLE_NS_ASSERTIONS = NO;
				ENABLE_STRICT_OBJC_MSGSEND = YES;
				ENABLE_USER_SCRIPT_SANDBOXING = YES;
				GCC_C_LANGUAGE_STANDARD = gnu17;
				GCC_NO_COMMON_BLOCKS = YES;
				GCC_WARN_64_TO_32_BIT_CONVERSION = YES;
				GCC_WARN_ABOUT_RETURN_TYPE = YES_ERROR;
				GCC_WARN_UNDECLARED_SELECTOR = YES;
				GCC_WARN_UNINITIALIZED_AUTOS = YES_AGGRESSIVE;
				GCC_WARN_UNUSED_FUNCTION = YES;
				GCC_WARN_UNUSED_VARIABLE = YES;
				LOCALIZATION_PREFERS_STRING_CATALOGS = YES;
				MTL_ENABLE_DEBUG_INFO = NO;
				MTL_FAST_MATH = YES;
				SDKROOT = xros;
				SWIFT_COMPILATION_MODE = wholemodule;
				VALIDATE_PRODUCT = YES;
				XROS_DEPLOYMENT_TARGET = 2.2;
			};
			name = Release;
		};
		DC52F7532D6E509700DCF9A7 /* Debug */ = {
			isa = XCBuildConfiguration;
			buildSettings = {
				BUNDLE_LOADER = "$(TEST_HOST)";
				CODE_SIGN_STYLE = Automatic;
				CURRENT_PROJECT_VERSION = 1;
				DEVELOPMENT_TEAM = Q73A225H22;
				GENERATE_INFOPLIST_FILE = YES;
				MARKETING_VERSION = 1.0;
				PRODUCT_BUNDLE_IDENTIFIER = ai.arunabhdas.Mezzanine.MezzanineTests;
				PRODUCT_NAME = "$(TARGET_NAME)";
				SUPPORTED_PLATFORMS = "xros xrsimulator";
				SWIFT_EMIT_LOC_STRINGS = NO;
				SWIFT_VERSION = 5.0;
				TARGETED_DEVICE_FAMILY = 7;
				TEST_HOST = "$(BUILT_PRODUCTS_DIR)/Mezzanine.app/$(BUNDLE_EXECUTABLE_FOLDER_PATH)/Mezzanine";
				XROS_DEPLOYMENT_TARGET = 2.2;
			};
			name = Debug;
		};
		DC52F7542D6E509700DCF9A7 /* Release */ = {
			isa = XCBuildConfiguration;
			buildSettings = {
				BUNDLE_LOADER = "$(TEST_HOST)";
				CODE_SIGN_STYLE = Automatic;
				CURRENT_PROJECT_VERSION = 1;
				DEVELOPMENT_TEAM = Q73A225H22;
				GENERATE_INFOPLIST_FILE = YES;
				MARKETING_VERSION = 1.0;
				PRODUCT_BUNDLE_IDENTIFIER = ai.arunabhdas.Mezzanine.MezzanineTests;
				PRODUCT_NAME = "$(TARGET_NAME)";
				SUPPORTED_PLATFORMS = "xros xrsimulator";
				SWIFT_EMIT_LOC_STRINGS = NO;
				SWIFT_VERSION = 5.0;
				TARGETED_DEVICE_FAMILY = 7;
				TEST_HOST = "$(BUILT_PRODUCTS_DIR)/Mezzanine.app/$(BUNDLE_EXECUTABLE_FOLDER_PATH)/Mezzanine";
				XROS_DEPLOYMENT_TARGET = 2.2;
			};
			name = Release;
		};
/* End XCBuildConfiguration section */

/* Begin XCConfigurationList section */
		DC52F7262D6E509600DCF9A7 /* Build configuration list for PBXProject "Mezzanine" */ = {
			isa = XCConfigurationList;
			buildConfigurations = (
				DC52F7502D6E509700DCF9A7 /* Debug */,
				DC52F7512D6E509700DCF9A7 /* Release */,
			);
			defaultConfigurationIsVisible = 0;
			defaultConfigurationName = Release;
		};
		DC52F74D2D6E509700DCF9A7 /* Build configuration list for PBXNativeTarget "Mezzanine" */ = {
			isa = XCConfigurationList;
			buildConfigurations = (
				DC52F74E2D6E509700DCF9A7 /* Debug */,
				DC52F74F2D6E509700DCF9A7 /* Release */,
			);
			defaultConfigurationIsVisible = 0;
			defaultConfigurationName = Release;
		};
		DC52F7522D6E509700DCF9A7 /* Build configuration list for PBXNativeTarget "MezzanineTests" */ = {
			isa = XCConfigurationList;
			buildConfigurations = (
				DC52F7532D6E509700DCF9A7 /* Debug */,
				DC52F7542D6E509700DCF9A7 /* Release */,
			);
			defaultConfigurationIsVisible = 0;
			defaultConfigurationName = Release;
		};
/* End XCConfigurationList section */

/* Begin XCSwiftPackageProductDependency section */
		DC52F7302D6E509600DCF9A7 /* RealityKitContent */ = {
			isa = XCSwiftPackageProductDependency;
			productName = RealityKitContent;
		};
/* End XCSwiftPackageProductDependency section */
	};
	rootObject = DC52F7232D6E509600DCF9A7 /* Project object */;
}
